
Microsoft Visual Studio Solution File, Format Version 12.00
# Visual Studio Version 17
VisualStudioVersion = 17.9.34714.143
MinimumVisualStudioVersion = 10.0.40219.1
Project("{9A19103F-16F7-4668-BE54-9A1E7A4F7556}") = "X.Data", "X.Data\X.Data.csproj", "{784392BC-ED48-40E0-B0EF-55D462FF0150}"
EndProject
Project("{FAE04EC0-301F-11D3-BF4B-00C04F79EFBC}") = "X.WebAPI", "X.WebAPI\X.WebAPI.csproj", "{54ADE4A5-7868-464A-82F9-EA6E019C5047}"
EndProject
Project("{FAE04EC0-301F-11D3-BF4B-00C04F79EFBC}") = "X.Application", "X.Application\X.Application.csproj", "{B69A7ED6-916D-4595-879A-A694D8210F10}"
EndProject
Project("{FAE04EC0-301F-11D3-BF4B-00C04F79EFBC}") = "X.Ulitilities", "X.Ulitilities\X.Ulitilities.csproj", "{66CFD35C-B916-4386-866B-4A5EDBBE4F88}"
EndProject
Global
	GlobalSection(SolutionConfigurationPlatforms) = preSolution
		Debug|Any CPU = Debug|Any CPU
		Release|Any CPU = Release|Any CPU
	EndGlobalSection
	GlobalSection(ProjectConfigurationPlatforms) = postSolution
		{784392BC-ED48-40E0-B0EF-55D462FF0150}.Debug|Any CPU.ActiveCfg = Debug|Any CPU
		{784392BC-ED48-40E0-B0EF-55D462FF0150}.Debug|Any CPU.Build.0 = Debug|Any CPU
		{784392BC-ED48-40E0-B0EF-55D462FF0150}.Release|Any CPU.ActiveCfg = Release|Any CPU
		{784392BC-ED48-40E0-B0EF-55D462FF0150}.Release|Any CPU.Build.0 = Release|Any CPU
		{54ADE4A5-7868-464A-82F9-EA6E019C5047}.Debug|Any CPU.ActiveCfg = Debug|Any CPU
		{54ADE4A5-7868-464A-82F9-EA6E019C5047}.Debug|Any CPU.Build.0 = Debug|Any CPU
		{54ADE4A5-7868-464A-82F9-EA6E019C5047}.Release|Any CPU.ActiveCfg = Release|Any CPU
		{54ADE4A5-7868-464A-82F9-EA6E019C5047}.Release|Any CPU.Build.0 = Release|Any CPU
		{B69A7ED6-916D-4595-879A-A694D8210F10}.Debug|Any CPU.ActiveCfg = Debug|Any CPU
		{B69A7ED6-916D-4595-879A-A694D8210F10}.Debug|Any CPU.Build.0 = Debug|Any CPU
		{B69A7ED6-916D-4595-879A-A694D8210F10}.Release|Any CPU.ActiveCfg = Release|Any CPU
		{B69A7ED6-916D-4595-879A-A694D8210F10}.Release|Any CPU.Build.0 = Release|Any CPU
		{66CFD35C-B916-4386-866B-4A5EDBBE4F88}.Debug|Any CPU.ActiveCfg = Debug|Any CPU
		{66CFD35C-B916-4386-866B-4A5EDBBE4F88}.Debug|Any CPU.Build.0 = Debug|Any CPU
		{66CFD35C-B916-4386-866B-4A5EDBBE4F88}.Release|Any CPU.ActiveCfg = Release|Any CPU
		{66CFD35C-B916-4386-866B-4A5EDBBE4F88}.Release|Any CPU.Build.0 = Release|Any CPU
	EndGlobalSection
	GlobalSection(SolutionProperties) = preSolution
		HideSolutionNode = FALSE
	EndGlobalSection
	GlobalSection(ExtensibilityGlobals) = postSolution
		SolutionGuid = {BB09B531-1C67-49B1-BE52-2CF8E1A16126}
	EndGlobalSection
EndGlobal
